// !$*UTF8*$!
{
	archiveVersion = 1;
	classes = {
	};
	objectVersion = 56;
	objects = {

/* Begin PBXBuildFile section */
		5B0893172B5DEDAE00E62562 /* PDFService.m in Sources */ = {isa = PBXBuildFile; fileRef = 5B0893162B5DEDAE00E62562 /* PDFService.m */; };
		5B08931B2B5DF16500E62562 /* PDFErrors.m in Sources */ = {isa = PBXBuildFile; fileRef = 5B08931A2B5DF16500E62562 /* PDFErrors.m */; };
		5B2CB7602B5C77A900C31DA8 /* PDFEmptyUIView.m in Sources */ = {isa = PBXBuildFile; fileRef = 5B2CB75F2B5C77A900C31DA8 /* PDFEmptyUIView.m */; };
		5BC58C422B5B402600FB20F9 /* AppDelegate.m in Sources */ = {isa = PBXBuildFile; fileRef = 5BC58C412B5B402600FB20F9 /* AppDelegate.m */; };
		5BC58C452B5B402600FB20F9 /* SceneDelegate.m in Sources */ = {isa = PBXBuildFile; fileRef = 5BC58C442B5B402600FB20F9 /* SceneDelegate.m */; };
		5BC58C482B5B402600FB20F9 /* PDFHomeViewController.m in Sources */ = {isa = PBXBuildFile; fileRef = 5BC58C472B5B402600FB20F9 /* PDFHomeViewController.m */; };
		5BC58C4D2B5B402900FB20F9 /* Assets.xcassets in Resources */ = {isa = PBXBuildFile; fileRef = 5BC58C4C2B5B402900FB20F9 /* Assets.xcassets */; };
		5BC58C502B5B402900FB20F9 /* LaunchScreen.storyboard in Resources */ = {isa = PBXBuildFile; fileRef = 5BC58C4E2B5B402900FB20F9 /* LaunchScreen.storyboard */; };
		5BC58C532B5B402900FB20F9 /* main.m in Sources */ = {isa = PBXBuildFile; fileRef = 5BC58C522B5B402900FB20F9 /* main.m */; };
		5BC58C5E2B5B40D600FB20F9 /* PDFModel.m in Sources */ = {isa = PBXBuildFile; fileRef = 5BC58C5D2B5B40D600FB20F9 /* PDFModel.m */; };
		5BC58C622B5B444B00FB20F9 /* PDFViewerViewController.m in Sources */ = {isa = PBXBuildFile; fileRef = 5BC58C612B5B444B00FB20F9 /* PDFViewerViewController.m */; };
		5BC58C652B5B446C00FB20F9 /* PDFViewModel.m in Sources */ = {isa = PBXBuildFile; fileRef = 5BC58C642B5B446C00FB20F9 /* PDFViewModel.m */; };
		5BC58C682B5B448F00FB20F9 /* PDFDocumentCollectionViewCell.m in Sources */ = {isa = PBXBuildFile; fileRef = 5BC58C672B5B448F00FB20F9 /* PDFDocumentCollectionViewCell.m */; };
		5BCB241B2B5B842E00D701CB /* PDFPageIndicatorUIView.m in Sources */ = {isa = PBXBuildFile; fileRef = 5BCB241A2B5B842E00D701CB /* PDFPageIndicatorUIView.m */; };
/* End PBXBuildFile section */

/* Begin PBXFileReference section */
		5B0893152B5DEDAE00E62562 /* PDFService.h */ = {isa = PBXFileReference; lastKnownFileType = sourcecode.c.h; path = PDFService.h; sourceTree = "<group>"; };
		5B0893162B5DEDAE00E62562 /* PDFService.m */ = {isa = PBXFileReference; lastKnownFileType = sourcecode.c.objc; path = PDFService.m; sourceTree = "<group>"; };
		5B0893192B5DF16500E62562 /* PDFErrors.h */ = {isa = PBXFileReference; lastKnownFileType = sourcecode.c.h; path = PDFErrors.h; sourceTree = "<group>"; };
		5B08931A2B5DF16500E62562 /* PDFErrors.m */ = {isa = PBXFileReference; lastKnownFileType = sourcecode.c.objc; path = PDFErrors.m; sourceTree = "<group>"; };
		5B2CB75E2B5C77A900C31DA8 /* PDFEmptyUIView.h */ = {isa = PBXFileReference; lastKnownFileType = sourcecode.c.h; path = PDFEmptyUIView.h; sourceTree = "<group>"; };
		5B2CB75F2B5C77A900C31DA8 /* PDFEmptyUIView.m */ = {isa = PBXFileReference; lastKnownFileType = sourcecode.c.objc; path = PDFEmptyUIView.m; sourceTree = "<group>"; };
		5BC58C3D2B5B402600FB20F9 /* PDFReader.app */ = {isa = PBXFileReference; explicitFileType = wrapper.application; includeInIndex = 0; path = PDFReader.app; sourceTree = BUILT_PRODUCTS_DIR; };
		5BC58C402B5B402600FB20F9 /* AppDelegate.h */ = {isa = PBXFileReference; lastKnownFileType = sourcecode.c.h; path = AppDelegate.h; sourceTree = "<group>"; };
		5BC58C412B5B402600FB20F9 /* AppDelegate.m */ = {isa = PBXFileReference; lastKnownFileType = sourcecode.c.objc; path = AppDelegate.m; sourceTree = "<group>"; };
		5BC58C432B5B402600FB20F9 /* SceneDelegate.h */ = {isa = PBXFileReference; lastKnownFileType = sourcecode.c.h; path = SceneDelegate.h; sourceTree = "<group>"; };
		5BC58C442B5B402600FB20F9 /* SceneDelegate.m */ = {isa = PBXFileReference; lastKnownFileType = sourcecode.c.objc; path = SceneDelegate.m; sourceTree = "<group>"; };
		5BC58C462B5B402600FB20F9 /* PDFHomeViewController.h */ = {isa = PBXFileReference; lastKnownFileType = sourcecode.c.h; path = PDFHomeViewController.h; sourceTree = "<group>"; };
		5BC58C472B5B402600FB20F9 /* PDFHomeViewController.m */ = {isa = PBXFileReference; lastKnownFileType = sourcecode.c.objc; path = PDFHomeViewController.m; sourceTree = "<group>"; };
		5BC58C4C2B5B402900FB20F9 /* Assets.xcassets */ = {isa = PBXFileReference; lastKnownFileType = folder.assetcatalog; path = Assets.xcassets; sourceTree = "<group>"; };
		5BC58C4F2B5B402900FB20F9 /* Base */ = {isa = PBXFileReference; lastKnownFileType = file.storyboard; name = Base; path = Base.lproj/LaunchScreen.storyboard; sourceTree = "<group>"; };
		5BC58C512B5B402900FB20F9 /* Info.plist */ = {isa = PBXFileReference; lastKnownFileType = text.plist.xml; path = Info.plist; sourceTree = "<group>"; };
		5BC58C522B5B402900FB20F9 /* main.m */ = {isa = PBXFileReference; lastKnownFileType = sourcecode.c.objc; path = main.m; sourceTree = "<group>"; };
		5BC58C5C2B5B40D600FB20F9 /* PDFModel.h */ = {isa = PBXFileReference; lastKnownFileType = sourcecode.c.h; path = PDFModel.h; sourceTree = "<group>"; };
		5BC58C5D2B5B40D600FB20F9 /* PDFModel.m */ = {isa = PBXFileReference; lastKnownFileType = sourcecode.c.objc; path = PDFModel.m; sourceTree = "<group>"; };
		5BC58C602B5B444B00FB20F9 /* PDFViewerViewController.h */ = {isa = PBXFileReference; lastKnownFileType = sourcecode.c.h; path = PDFViewerViewController.h; sourceTree = "<group>"; };
		5BC58C612B5B444B00FB20F9 /* PDFViewerViewController.m */ = {isa = PBXFileReference; lastKnownFileType = sourcecode.c.objc; path = PDFViewerViewController.m; sourceTree = "<group>"; };
		5BC58C632B5B446C00FB20F9 /* PDFViewModel.h */ = {isa = PBXFileReference; lastKnownFileType = sourcecode.c.h; path = PDFViewModel.h; sourceTree = "<group>"; };
		5BC58C642B5B446C00FB20F9 /* PDFViewModel.m */ = {isa = PBXFileReference; lastKnownFileType = sourcecode.c.objc; path = PDFViewModel.m; sourceTree = "<group>"; };
		5BC58C662B5B448F00FB20F9 /* PDFDocumentCollectionViewCell.h */ = {isa = PBXFileReference; lastKnownFileType = sourcecode.c.h; path = PDFDocumentCollectionViewCell.h; sourceTree = "<group>"; };
		5BC58C672B5B448F00FB20F9 /* PDFDocumentCollectionViewCell.m */ = {isa = PBXFileReference; lastKnownFileType = sourcecode.c.objc; path = PDFDocumentCollectionViewCell.m; sourceTree = "<group>"; };
		5BCB24192B5B842E00D701CB /* PDFPageIndicatorUIView.h */ = {isa = PBXFileReference; lastKnownFileType = sourcecode.c.h; path = PDFPageIndicatorUIView.h; sourceTree = "<group>"; };
		5BCB241A2B5B842E00D701CB /* PDFPageIndicatorUIView.m */ = {isa = PBXFileReference; lastKnownFileType = sourcecode.c.objc; path = PDFPageIndicatorUIView.m; sourceTree = "<group>"; };
/* End PBXFileReference section */

/* Begin PBXFrameworksBuildPhase section */
		5BC58C3A2B5B402600FB20F9 /* Frameworks */ = {
			isa = PBXFrameworksBuildPhase;
			buildActionMask = 2147483647;
			files = (
			);
			runOnlyForDeploymentPostprocessing = 0;
		};
/* End PBXFrameworksBuildPhase section */

/* Begin PBXGroup section */
		5B0893142B5DED8E00E62562 /* Service */ = {
			isa = PBXGroup;
			children = (
				5B0893152B5DEDAE00E62562 /* PDFService.h */,
				5B0893162B5DEDAE00E62562 /* PDFService.m */,
			);
			path = Service;
			sourceTree = "<group>";
		};
		5B0893182B5DF14800E62562 /* Extensions */ = {
			isa = PBXGroup;
			children = (
				5B0893192B5DF16500E62562 /* PDFErrors.h */,
				5B08931A2B5DF16500E62562 /* PDFErrors.m */,
			);
			path = Extensions;
			sourceTree = "<group>";
		};
		5BC58C342B5B402600FB20F9 = {
			isa = PBXGroup;
			children = (
				5BC58C3F2B5B402600FB20F9 /* PDFReader */,
				5BC58C3E2B5B402600FB20F9 /* Products */,
			);
			sourceTree = "<group>";
		};
		5BC58C3E2B5B402600FB20F9 /* Products */ = {
			isa = PBXGroup;
			children = (
				5BC58C3D2B5B402600FB20F9 /* PDFReader.app */,
			);
			name = Products;
			sourceTree = "<group>";
		};
		5BC58C3F2B5B402600FB20F9 /* PDFReader */ = {
			isa = PBXGroup;
			children = (
				5B0893182B5DF14800E62562 /* Extensions */,
				5B0893142B5DED8E00E62562 /* Service */,
				5BC58C5F2B5B43F500FB20F9 /* Controllers */,
				5BC58C5B2B5B40C200FB20F9 /* Model */,
				5BC58C5A2B5B403D00FB20F9 /* View */,
				5BC58C592B5B403300FB20F9 /* ViewModel */,
				5BC58C402B5B402600FB20F9 /* AppDelegate.h */,
				5BC58C412B5B402600FB20F9 /* AppDelegate.m */,
				5BC58C432B5B402600FB20F9 /* SceneDelegate.h */,
				5BC58C442B5B402600FB20F9 /* SceneDelegate.m */,
				5BC58C4C2B5B402900FB20F9 /* Assets.xcassets */,
				5BC58C4E2B5B402900FB20F9 /* LaunchScreen.storyboard */,
				5BC58C512B5B402900FB20F9 /* Info.plist */,
				5BC58C522B5B402900FB20F9 /* main.m */,
			);
			path = PDFReader;
			sourceTree = "<group>";
		};
		5BC58C592B5B403300FB20F9 /* ViewModel */ = {
			isa = PBXGroup;
			children = (
				5BC58C632B5B446C00FB20F9 /* PDFViewModel.h */,
				5BC58C642B5B446C00FB20F9 /* PDFViewModel.m */,
			);
			path = ViewModel;
			sourceTree = "<group>";
		};
		5BC58C5A2B5B403D00FB20F9 /* View */ = {
			isa = PBXGroup;
			children = (
				5BC58C662B5B448F00FB20F9 /* PDFDocumentCollectionViewCell.h */,
				5BC58C672B5B448F00FB20F9 /* PDFDocumentCollectionViewCell.m */,
				5BCB24192B5B842E00D701CB /* PDFPageIndicatorUIView.h */,
				5BCB241A2B5B842E00D701CB /* PDFPageIndicatorUIView.m */,
				5B2CB75E2B5C77A900C31DA8 /* PDFEmptyUIView.h */,
				5B2CB75F2B5C77A900C31DA8 /* PDFEmptyUIView.m */,
			);
			path = View;
			sourceTree = "<group>";
		};
		5BC58C5B2B5B40C200FB20F9 /* Model */ = {
			isa = PBXGroup;
			children = (
				5BC58C5C2B5B40D600FB20F9 /* PDFModel.h */,
				5BC58C5D2B5B40D600FB20F9 /* PDFModel.m */,
			);
			path = Model;
			sourceTree = "<group>";
		};
		5BC58C5F2B5B43F500FB20F9 /* Controllers */ = {
			isa = PBXGroup;
			children = (
				5BC58C462B5B402600FB20F9 /* PDFHomeViewController.h */,
				5BC58C472B5B402600FB20F9 /* PDFHomeViewController.m */,
				5BC58C602B5B444B00FB20F9 /* PDFViewerViewController.h */,
				5BC58C612B5B444B00FB20F9 /* PDFViewerViewController.m */,
			);
			path = Controllers;
			sourceTree = "<group>";
		};
/* End PBXGroup section */

/* Begin PBXNativeTarget section */
		5BC58C3C2B5B402600FB20F9 /* PDFReader */ = {
			isa = PBXNativeTarget;
			buildConfigurationList = 5BC58C562B5B402900FB20F9 /* Build configuration list for PBXNativeTarget "PDFReader" */;
			buildPhases = (
				5BC58C392B5B402600FB20F9 /* Sources */,
				5BC58C3A2B5B402600FB20F9 /* Frameworks */,
				5BC58C3B2B5B402600FB20F9 /* Resources */,
			);
			buildRules = (
			);
			dependencies = (
			);
			name = PDFReader;
			productName = PDFReader;
			productReference = 5BC58C3D2B5B402600FB20F9 /* PDFReader.app */;
			productType = "com.apple.product-type.application";
		};
/* End PBXNativeTarget section */

/* Begin PBXProject section */
		5BC58C352B5B402600FB20F9 /* Project object */ = {
			isa = PBXProject;
			attributes = {
				BuildIndependentTargetsInParallel = 1;
				LastUpgradeCheck = 1510;
				TargetAttributes = {
					5BC58C3C2B5B402600FB20F9 = {
						CreatedOnToolsVersion = 15.1;
					};
				};
			};
			buildConfigurationList = 5BC58C382B5B402600FB20F9 /* Build configuration list for PBXProject "PDFReader" */;
			compatibilityVersion = "Xcode 14.0";
			developmentRegion = en;
			hasScannedForEncodings = 0;
			knownRegions = (
				en,
				Base,
			);
			mainGroup = 5BC58C342B5B402600FB20F9;
			productRefGroup = 5BC58C3E2B5B402600FB20F9 /* Products */;
			projectDirPath = "";
			projectRoot = "";
			targets = (
				5BC58C3C2B5B402600FB20F9 /* PDFReader */,
			);
		};
/* End PBXProject section */

/* Begin PBXResourcesBuildPhase section */
		5BC58C3B2B5B402600FB20F9 /* Resources */ = {
			isa = PBXResourcesBuildPhase;
			buildActionMask = 2147483647;
			files = (
				5BC58C502B5B402900FB20F9 /* LaunchScreen.storyboard in Resources */,
				5BC58C4D2B5B402900FB20F9 /* Assets.xcassets in Resources */,
			);
			runOnlyForDeploymentPostprocessing = 0;
		};
/* End PBXResourcesBuildPhase section */

/* Begin PBXSourcesBuildPhase section */
		5BC58C392B5B402600FB20F9 /* Sources */ = {
			isa = PBXSourcesBuildPhase;
			buildActionMask = 2147483647;
			files = (
				5BCB241B2B5B842E00D701CB /* PDFPageIndicatorUIView.m in Sources */,
				5B08931B2B5DF16500E62562 /* PDFErrors.m in Sources */,
				5BC58C482B5B402600FB20F9 /* PDFHomeViewController.m in Sources */,
				5BC58C5E2B5B40D600FB20F9 /* PDFModel.m in Sources */,
				5BC58C682B5B448F00FB20F9 /* PDFDocumentCollectionViewCell.m in Sources */,
				5BC58C652B5B446C00FB20F9 /* PDFViewModel.m in Sources */,
				5BC58C422B5B402600FB20F9 /* AppDelegate.m in Sources */,
				5BC58C622B5B444B00FB20F9 /* PDFViewerViewController.m in Sources */,
				5B0893172B5DEDAE00E62562 /* PDFService.m in Sources */,
				5B2CB7602B5C77A900C31DA8 /* PDFEmptyUIView.m in Sources */,
				5BC58C532B5B402900FB20F9 /* main.m in Sources */,
				5BC58C452B5B402600FB20F9 /* SceneDelegate.m in Sources */,
			);
			runOnlyForDeploymentPostprocessing = 0;
		};
/* End PBXSourcesBuildPhase section */

/* Begin PBXVariantGroup section */
		5BC58C4E2B5B402900FB20F9 /* LaunchScreen.storyboard */ = {
			isa = PBXVariantGroup;
			children = (
				5BC58C4F2B5B402900FB20F9 /* Base */,
			);
			name = LaunchScreen.storyboard;
			sourceTree = "<group>";
		};
/* End PBXVariantGroup section */

/* Begin XCBuildConfiguration section */
		5BC58C542B5B402900FB20F9 /* Debug */ = {
			isa = XCBuildConfiguration;
			buildSettings = {
				ALWAYS_SEARCH_USER_PATHS = NO;
				ASSETCATALOG_COMPILER_GENERATE_SWIFT_ASSET_SYMBOL_EXTENSIONS = YES;
				CLANG_ANALYZER_NONNULL = YES;
				CLANG_ANALYZER_NUMBER_OBJECT_CONVERSION = YES_AGGRESSIVE;
				CLANG_CXX_LANGUAGE_STANDARD = "gnu++20";
				CLANG_ENABLE_MODULES = YES;
				CLANG_ENABLE_OBJC_ARC = YES;
				CLANG_ENABLE_OBJC_WEAK = YES;
				CLANG_WARN_BLOCK_CAPTURE_AUTORELEASING = YES;
				CLANG_WARN_BOOL_CONVERSION = YES;
				CLANG_WARN_COMMA = YES;
				CLANG_WARN_CONSTANT_CONVERSION = YES;
				CLANG_WARN_DEPRECATED_OBJC_IMPLEMENTATIONS = YES;
				CLANG_WARN_DIRECT_OBJC_ISA_USAGE = YES_ERROR;
				CLANG_WARN_DOCUMENTATION_COMMENTS = YES;
				CLANG_WARN_EMPTY_BODY = YES;
				CLANG_WARN_ENUM_CONVERSION = YES;
				CLANG_WARN_INFINITE_RECURSION = YES;
				CLANG_WARN_INT_CONVERSION = YES;
				CLANG_WARN_NON_LITERAL_NULL_CONVERSION = YES;
				CLANG_WARN_OBJC_IMPLICIT_RETAIN_SELF = YES;
				CLANG_WARN_OBJC_LITERAL_CONVERSION = YES;
				CLANG_WARN_OBJC_ROOT_CLASS = YES_ERROR;
				CLANG_WARN_QUOTED_INCLUDE_IN_FRAMEWORK_HEADER = YES;
				CLANG_WARN_RANGE_LOOP_ANALYSIS = YES;
				CLANG_WARN_STRICT_PROTOTYPES = YES;
				CLANG_WARN_SUSPICIOUS_MOVE = YES;
				CLANG_WARN_UNGUARDED_AVAILABILITY = YES_AGGRESSIVE;
				CLANG_WARN_UNREACHABLE_CODE = YES;
				CLANG_WARN__DUPLICATE_METHOD_MATCH = YES;
				COPY_PHASE_STRIP = NO;
				DEBUG_INFORMATION_FORMAT = dwarf;
				ENABLE_STRICT_OBJC_MSGSEND = YES;
				ENABLE_TESTABILITY = YES;
				ENABLE_USER_SCRIPT_SANDBOXING = YES;
				GCC_C_LANGUAGE_STANDARD = gnu17;
				GCC_DYNAMIC_NO_PIC = NO;
				GCC_NO_COMMON_BLOCKS = YES;
				GCC_OPTIMIZATION_LEVEL = 0;
				GCC_PREPROCESSOR_DEFINITIONS = (
					"DEBUG=1",
					"$(inherited)",
				);
				GCC_WARN_64_TO_32_BIT_CONVERSION = YES;
				GCC_WARN_ABOUT_RETURN_TYPE = YES_ERROR;
				GCC_WARN_UNDECLARED_SELECTOR = YES;
				GCC_WARN_UNINITIALIZED_AUTOS = YES_AGGRESSIVE;
				GCC_WARN_UNUSED_FUNCTION = YES;
				GCC_WARN_UNUSED_VARIABLE = YES;
				IPHONEOS_DEPLOYMENT_TARGET = 17.2;
				LOCALIZATION_PREFERS_STRING_CATALOGS = YES;
				MTL_ENABLE_DEBUG_INFO = INCLUDE_SOURCE;
				MTL_FAST_MATH = YES;
				ONLY_ACTIVE_ARCH = YES;
				SDKROOT = iphoneos;
			};
			name = Debug;
		};
		5BC58C552B5B402900FB20F9 /* Release */ = {
			isa = XCBuildConfiguration;
			buildSettings = {
				ALWAYS_SEARCH_USER_PATHS = NO;
				ASSETCATALOG_COMPILER_GENERATE_SWIFT_ASSET_SYMBOL_EXTENSIONS = YES;
				CLANG_ANALYZER_NONNULL = YES;
				CLANG_ANALYZER_NUMBER_OBJECT_CONVERSION = YES_AGGRESSIVE;
				CLANG_CXX_LANGUAGE_STANDARD = "gnu++20";
				CLANG_ENABLE_MODULES = YES;
				CLANG_ENABLE_OBJC_ARC = YES;
				CLANG_ENABLE_OBJC_WEAK = YES;
				CLANG_WARN_BLOCK_CAPTURE_AUTORELEASING = YES;
				CLANG_WARN_BOOL_CONVERSION = YES;
				CLANG_WARN_COMMA = YES;
				CLANG_WARN_CONSTANT_CONVERSION = YES;
				CLANG_WARN_DEPRECATED_OBJC_IMPLEMENTATIONS = YES;
				CLANG_WARN_DIRECT_OBJC_ISA_USAGE = YES_ERROR;
				CLANG_WARN_DOCUMENTATION_COMMENTS = YES;
				CLANG_WARN_EMPTY_BODY = YES;
				CLANG_WARN_ENUM_CONVERSION = YES;
				CLANG_WARN_INFINITE_RECURSION = YES;
				CLANG_WARN_INT_CONVERSION = YES;
				CLANG_WARN_NON_LITERAL_NULL_CONVERSION = YES;
				CLANG_WARN_OBJC_IMPLICIT_RETAIN_SELF = YES;
				CLANG_WARN_OBJC_LITERAL_CONVERSION = YES;
				CLANG_WARN_OBJC_ROOT_CLASS = YES_ERROR;
				CLANG_WARN_QUOTED_INCLUDE_IN_FRAMEWORK_HEADER = YES;
				CLANG_WARN_RANGE_LOOP_ANALYSIS = YES;
				CLANG_WARN_STRICT_PROTOTYPES = YES;
				CLANG_WARN_SUSPICIOUS_MOVE = YES;
				CLANG_WARN_UNGUARDED_AVAILABILITY = YES_AGGRESSIVE;
				CLANG_WARN_UNREACHABLE_CODE = YES;
				CLANG_WARN__DUPLICATE_METHOD_MATCH = YES;
				COPY_PHASE_STRIP = NO;
				DEBUG_INFORMATION_FORMAT = "dwarf-with-dsym";
				ENABLE_NS_ASSERTIONS = NO;
				ENABLE_STRICT_OBJC_MSGSEND = YES;
				ENABLE_USER_SCRIPT_SANDBOXING = YES;
				GCC_C_LANGUAGE_STANDARD = gnu17;
				GCC_NO_COMMON_BLOCKS = YES;
				GCC_WARN_64_TO_32_BIT_CONVERSION = YES;
				GCC_WARN_ABOUT_RETURN_TYPE = YES_ERROR;
				GCC_WARN_UNDECLARED_SELECTOR = YES;
				GCC_WARN_UNINITIALIZED_AUTOS = YES_AGGRESSIVE;
				GCC_WARN_UNUSED_FUNCTION = YES;
				GCC_WARN_UNUSED_VARIABLE = YES;
				IPHONEOS_DEPLOYMENT_TARGET = 17.2;
				LOCALIZATION_PREFERS_STRING_CATALOGS = YES;
				MTL_ENABLE_DEBUG_INFO = NO;
				MTL_FAST_MATH = YES;
				SDKROOT = iphoneos;
				VALIDATE_PRODUCT = YES;
			};
			name = Release;
		};
		5BC58C572B5B402900FB20F9 /* Debug */ = {
			isa = XCBuildConfiguration;
			buildSettings = {
				ASSETCATALOG_COMPILER_APPICON_NAME = AppIcon;
				ASSETCATALOG_COMPILER_GLOBAL_ACCENT_COLOR_NAME = AccentColor;
				CODE_SIGN_STYLE = Automatic;
				CURRENT_PROJECT_VERSION = 1;
				DEVELOPMENT_TEAM = "";
				GENERATE_INFOPLIST_FILE = YES;
				INFOPLIST_FILE = PDFReader/Info.plist;
				INFOPLIST_KEY_UIApplicationSupportsIndirectInputEvents = YES;
				INFOPLIST_KEY_UILaunchStoryboardName = LaunchScreen;
				INFOPLIST_KEY_UISupportedInterfaceOrientations_iPad = "UIInterfaceOrientationPortrait UIInterfaceOrientationPortraitUpsideDown UIInterfaceOrientationLandscapeLeft UIInterfaceOrientationLandscapeRight";
				INFOPLIST_KEY_UISupportedInterfaceOrientations_iPhone = "UIInterfaceOrientationPortrait UIInterfaceOrientationLandscapeLeft UIInterfaceOrientationLandscapeRight";
				LD_RUNPATH_SEARCH_PATHS = (
					"$(inherited)",
					"@executable_path/Frameworks",
				);
				MARKETING_VERSION = 1.0;
				PRODUCT_BUNDLE_IDENTIFIER = c.PDFReader;
				PRODUCT_NAME = "$(TARGET_NAME)";
				SUPPORTED_PLATFORMS = "iphoneos iphonesimulator";
				SUPPORTS_MACCATALYST = NO;
				SUPPORTS_MAC_DESIGNED_FOR_IPHONE_IPAD = NO;
				SWIFT_EMIT_LOC_STRINGS = YES;
				TARGETED_DEVICE_FAMILY = 1;
			};
			name = Debug;
		};
		5BC58C582B5B402900FB20F9 /* Release */ = {
			isa = XCBuildConfiguration;
			buildSettings = {
				ASSETCATALOG_COMPILER_APPICON_NAME = AppIcon;
				ASSETCATALOG_COMPILER_GLOBAL_ACCENT_COLOR_NAME = AccentColor;
				CODE_SIGN_STYLE = Automatic;
				CURRENT_PROJECT_VERSION = 1;
				DEVELOPMENT_TEAM = "";
				GENERATE_INFOPLIST_FILE = YES;
				INFOPLIST_FILE = PDFReader/Info.plist;
				INFOPLIST_KEY_UIApplicationSupportsIndirectInputEvents = YES;
				INFOPLIST_KEY_UILaunchStoryboardName = LaunchScreen;
				INFOPLIST_KEY_UISupportedInterfaceOrientations_iPad = "UIInterfaceOrientationPortrait UIInterfaceOrientationPortraitUpsideDown UIInterfaceOrientationLandscapeLeft UIInterfaceOrientationLandscapeRight";
				INFOPLIST_KEY_UISupportedInterfaceOrientations_iPhone = "UIInterfaceOrientationPortrait UIInterfaceOrientationLandscapeLeft UIInterfaceOrientationLandscapeRight";
				LD_RUNPATH_SEARCH_PATHS = (
					"$(inherited)",
					"@executable_path/Frameworks",
				);
				MARKETING_VERSION = 1.0;
				PRODUCT_BUNDLE_IDENTIFIER = c.PDFReader;
				PRODUCT_NAME = "$(TARGET_NAME)";
				SUPPORTED_PLATFORMS = "iphoneos iphonesimulator";
				SUPPORTS_MACCATALYST = NO;
				SUPPORTS_MAC_DESIGNED_FOR_IPHONE_IPAD = NO;
				SWIFT_EMIT_LOC_STRINGS = YES;
				TARGETED_DEVICE_FAMILY = 1;
			};
			name = Release;
		};
/* End XCBuildConfiguration section */

/* Begin XCConfigurationList section */
		5BC58C382B5B402600FB20F9 /* Build configuration list for PBXProject "PDFReader" */ = {
			isa = XCConfigurationList;
			buildConfigurations = (
				5BC58C542B5B402900FB20F9 /* Debug */,
				5BC58C552B5B402900FB20F9 /* Release */,
			);
			defaultConfigurationIsVisible = 0;
			defaultConfigurationName = Release;
		};
		5BC58C562B5B402900FB20F9 /* Build configuration list for PBXNativeTarget "PDFReader" */ = {
			isa = XCConfigurationList;
			buildConfigurations = (
				5BC58C572B5B402900FB20F9 /* Debug */,
				5BC58C582B5B402900FB20F9 /* Release */,
			);
			defaultConfigurationIsVisible = 0;
			defaultConfigurationName = Release;
		};
/* End XCConfigurationList section */
	};
	rootObject = 5BC58C352B5B402600FB20F9 /* Project object */;
}
